// !$*UTF8*$!
{
	archiveVersion = 1;
	classes = {
	};
	objectVersion = 55;
	objects = {

/* Begin PBXBuildFile section */
		99C643FF4FAACA7AC51A97D4 /* Pods_ATDemo.framework in Frameworks */ = {isa = PBXBuildFile; fileRef = 1C6D9BF65F8869242C61D278 /* Pods_ATDemo.framework */; };
		F56DB03F27E2034C00BABCFF /* DateData.swift in Sources */ = {isa = PBXBuildFile; fileRef = F56DB03E27E2034C00BABCFF /* DateData.swift */; };
		F56DB04427E2111300BABCFF /* DateUtil.swift in Sources */ = {isa = PBXBuildFile; fileRef = F56DB04327E2111300BABCFF /* DateUtil.swift */; };
		F5A1824927E325C6008DFCD6 /* ColorSet.swift in Sources */ = {isa = PBXBuildFile; fileRef = F5A1824827E325C6008DFCD6 /* ColorSet.swift */; };
		F5A1824D27E35558008DFCD6 /* AddTapGestureRecognizer.swift in Sources */ = {isa = PBXBuildFile; fileRef = F5A1824C27E35558008DFCD6 /* AddTapGestureRecognizer.swift */; };
		F5A1825227E384E5008DFCD6 /* UIViewController.swift in Sources */ = {isa = PBXBuildFile; fileRef = F5A1825127E384E5008DFCD6 /* UIViewController.swift */; };
		F5CFD74527E1CCE900363F5B /* AppDelegate.swift in Sources */ = {isa = PBXBuildFile; fileRef = F5CFD74427E1CCE900363F5B /* AppDelegate.swift */; };
		F5CFD74727E1CCE900363F5B /* SceneDelegate.swift in Sources */ = {isa = PBXBuildFile; fileRef = F5CFD74627E1CCE900363F5B /* SceneDelegate.swift */; };
		F5CFD74927E1CCE900363F5B /* ViewController.swift in Sources */ = {isa = PBXBuildFile; fileRef = F5CFD74827E1CCE900363F5B /* ViewController.swift */; };
		F5CFD74C27E1CCE900363F5B /* Main.storyboard in Resources */ = {isa = PBXBuildFile; fileRef = F5CFD74A27E1CCE900363F5B /* Main.storyboard */; };
		F5CFD74E27E1CCEE00363F5B /* Assets.xcassets in Resources */ = {isa = PBXBuildFile; fileRef = F5CFD74D27E1CCEE00363F5B /* Assets.xcassets */; };
		F5CFD75127E1CCEE00363F5B /* LaunchScreen.storyboard in Resources */ = {isa = PBXBuildFile; fileRef = F5CFD74F27E1CCEE00363F5B /* LaunchScreen.storyboard */; };
		F5CFD75927E1DAC600363F5B /* TestData.swift in Sources */ = {isa = PBXBuildFile; fileRef = F5CFD75827E1DAC600363F5B /* TestData.swift */; };
		F5D78DF227E2DCBA008713C4 /* TestUserData.swift in Sources */ = {isa = PBXBuildFile; fileRef = F5D78DF127E2DCBA008713C4 /* TestUserData.swift */; };
		F5D78DF427E2DE1C008713C4 /* UserData.swift in Sources */ = {isa = PBXBuildFile; fileRef = F5D78DF327E2DE1C008713C4 /* UserData.swift */; };
		F5D78DF727E2F024008713C4 /* GlobalVariables.swift in Sources */ = {isa = PBXBuildFile; fileRef = F5D78DF627E2F024008713C4 /* GlobalVariables.swift */; };
		F5D78DFA27E2F0CE008713C4 /* ImageView.swift in Sources */ = {isa = PBXBuildFile; fileRef = F5D78DF927E2F0CE008713C4 /* ImageView.swift */; };
/* End PBXBuildFile section */

/* Begin PBXFileReference section */
		11CA1815FA1915201E8D91ED /* Pods-ATDemo.debug.xcconfig */ = {isa = PBXFileReference; includeInIndex = 1; lastKnownFileType = text.xcconfig; name = "Pods-ATDemo.debug.xcconfig"; path = "Target Support Files/Pods-ATDemo/Pods-ATDemo.debug.xcconfig"; sourceTree = "<group>"; };
		1C6D9BF65F8869242C61D278 /* Pods_ATDemo.framework */ = {isa = PBXFileReference; explicitFileType = wrapper.framework; includeInIndex = 0; path = Pods_ATDemo.framework; sourceTree = BUILT_PRODUCTS_DIR; };
		5B3BC1737F3D06049CFAEBBA /* Pods-ATDemo.release.xcconfig */ = {isa = PBXFileReference; includeInIndex = 1; lastKnownFileType = text.xcconfig; name = "Pods-ATDemo.release.xcconfig"; path = "Target Support Files/Pods-ATDemo/Pods-ATDemo.release.xcconfig"; sourceTree = "<group>"; };
		F56DB03E27E2034C00BABCFF /* DateData.swift */ = {isa = PBXFileReference; lastKnownFileType = sourcecode.swift; path = DateData.swift; sourceTree = "<group>"; };
		F56DB04327E2111300BABCFF /* DateUtil.swift */ = {isa = PBXFileReference; lastKnownFileType = sourcecode.swift; path = DateUtil.swift; sourceTree = "<group>"; };
		F5A1824827E325C6008DFCD6 /* ColorSet.swift */ = {isa = PBXFileReference; lastKnownFileType = sourcecode.swift; path = ColorSet.swift; sourceTree = "<group>"; };
		F5A1824C27E35558008DFCD6 /* AddTapGestureRecognizer.swift */ = {isa = PBXFileReference; lastKnownFileType = sourcecode.swift; path = AddTapGestureRecognizer.swift; sourceTree = "<group>"; };
		F5A1825127E384E5008DFCD6 /* UIViewController.swift */ = {isa = PBXFileReference; lastKnownFileType = sourcecode.swift; path = UIViewController.swift; sourceTree = "<group>"; };
		F5CFD74127E1CCE900363F5B /* ATDemo.app */ = {isa = PBXFileReference; explicitFileType = wrapper.application; includeInIndex = 0; path = ATDemo.app; sourceTree = BUILT_PRODUCTS_DIR; };
		F5CFD74427E1CCE900363F5B /* AppDelegate.swift */ = {isa = PBXFileReference; lastKnownFileType = sourcecode.swift; path = AppDelegate.swift; sourceTree = "<group>"; };
		F5CFD74627E1CCE900363F5B /* SceneDelegate.swift */ = {isa = PBXFileReference; lastKnownFileType = sourcecode.swift; path = SceneDelegate.swift; sourceTree = "<group>"; };
		F5CFD74827E1CCE900363F5B /* ViewController.swift */ = {isa = PBXFileReference; lastKnownFileType = sourcecode.swift; path = ViewController.swift; sourceTree = "<group>"; };
		F5CFD74B27E1CCE900363F5B /* Base */ = {isa = PBXFileReference; lastKnownFileType = file.storyboard; name = Base; path = Base.lproj/Main.storyboard; sourceTree = "<group>"; };
		F5CFD74D27E1CCEE00363F5B /* Assets.xcassets */ = {isa = PBXFileReference; lastKnownFileType = folder.assetcatalog; path = Assets.xcassets; sourceTree = "<group>"; };
		F5CFD75027E1CCEE00363F5B /* Base */ = {isa = PBXFileReference; lastKnownFileType = file.storyboard; name = Base; path = Base.lproj/LaunchScreen.storyboard; sourceTree = "<group>"; };
		F5CFD75227E1CCEE00363F5B /* Info.plist */ = {isa = PBXFileReference; lastKnownFileType = text.plist.xml; path = Info.plist; sourceTree = "<group>"; };
		F5CFD75827E1DAC600363F5B /* TestData.swift */ = {isa = PBXFileReference; lastKnownFileType = sourcecode.swift; path = TestData.swift; sourceTree = "<group>"; };
		F5D78DF127E2DCBA008713C4 /* TestUserData.swift */ = {isa = PBXFileReference; lastKnownFileType = sourcecode.swift; path = TestUserData.swift; sourceTree = "<group>"; };
		F5D78DF327E2DE1C008713C4 /* UserData.swift */ = {isa = PBXFileReference; lastKnownFileType = sourcecode.swift; path = UserData.swift; sourceTree = "<group>"; };
		F5D78DF627E2F024008713C4 /* GlobalVariables.swift */ = {isa = PBXFileReference; lastKnownFileType = sourcecode.swift; path = GlobalVariables.swift; sourceTree = "<group>"; };
		F5D78DF927E2F0CE008713C4 /* ImageView.swift */ = {isa = PBXFileReference; lastKnownFileType = sourcecode.swift; path = ImageView.swift; sourceTree = "<group>"; };
/* End PBXFileReference section */

/* Begin PBXFrameworksBuildPhase section */
		F5CFD73E27E1CCE900363F5B /* Frameworks */ = {
			isa = PBXFrameworksBuildPhase;
			buildActionMask = 2147483647;
			files = (
				99C643FF4FAACA7AC51A97D4 /* Pods_ATDemo.framework in Frameworks */,
			);
			runOnlyForDeploymentPostprocessing = 0;
		};
/* End PBXFrameworksBuildPhase section */

/* Begin PBXGroup section */
		1A3B10A6B19BD8EC331A0231 /* Pods */ = {
			isa = PBXGroup;
			children = (
				11CA1815FA1915201E8D91ED /* Pods-ATDemo.debug.xcconfig */,
				5B3BC1737F3D06049CFAEBBA /* Pods-ATDemo.release.xcconfig */,
			);
			path = Pods;
			sourceTree = "<group>";
		};
		691FAE40C752D62EF0B72D8C /* Frameworks */ = {
			isa = PBXGroup;
			children = (
				1C6D9BF65F8869242C61D278 /* Pods_ATDemo.framework */,
			);
			name = Frameworks;
			sourceTree = "<group>";
		};
		F56DB04027E2035500BABCFF /* TestData */ = {
			isa = PBXGroup;
			children = (
				F5CFD75827E1DAC600363F5B /* TestData.swift */,
				F5D78DF127E2DCBA008713C4 /* TestUserData.swift */,
			);
			path = TestData;
			sourceTree = "<group>";
		};
		F56DB04127E2036700BABCFF /* Struct */ = {
			isa = PBXGroup;
			children = (
				F56DB03E27E2034C00BABCFF /* DateData.swift */,
				F5D78DF327E2DE1C008713C4 /* UserData.swift */,
			);
			path = Struct;
			sourceTree = "<group>";
		};
		F56DB04227E210FD00BABCFF /* Model */ = {
			isa = PBXGroup;
			children = (
				F56DB04327E2111300BABCFF /* DateUtil.swift */,
			);
			path = Model;
			sourceTree = "<group>";
		};
		F5CFD73827E1CCE900363F5B = {
			isa = PBXGroup;
			children = (
				F5CFD74327E1CCE900363F5B /* ATDemo */,
				F5CFD74227E1CCE900363F5B /* Products */,
				1A3B10A6B19BD8EC331A0231 /* Pods */,
				691FAE40C752D62EF0B72D8C /* Frameworks */,
			);
			sourceTree = "<group>";
		};
		F5CFD74227E1CCE900363F5B /* Products */ = {
			isa = PBXGroup;
			children = (
				F5CFD74127E1CCE900363F5B /* ATDemo.app */,
			);
			name = Products;
			sourceTree = "<group>";
		};
		F5CFD74327E1CCE900363F5B /* ATDemo */ = {
			isa = PBXGroup;
			children = (
				F5D78DF827E2F06A008713C4 /* Extension */,
				F5D78DF527E2F011008713C4 /* Constants */,
				F56DB04227E210FD00BABCFF /* Model */,
				F56DB04127E2036700BABCFF /* Struct */,
				F56DB04027E2035500BABCFF /* TestData */,
				F5CFD74427E1CCE900363F5B /* AppDelegate.swift */,
				F5CFD74827E1CCE900363F5B /* ViewController.swift */,
				F5CFD74627E1CCE900363F5B /* SceneDelegate.swift */,
				F5CFD74A27E1CCE900363F5B /* Main.storyboard */,
				F5CFD74D27E1CCEE00363F5B /* Assets.xcassets */,
				F5CFD74F27E1CCEE00363F5B /* LaunchScreen.storyboard */,
				F5CFD75227E1CCEE00363F5B /* Info.plist */,
			);
			path = ATDemo;
			sourceTree = "<group>";
		};
		F5D78DF527E2F011008713C4 /* Constants */ = {
			isa = PBXGroup;
			children = (
				F5D78DF627E2F024008713C4 /* GlobalVariables.swift */,
				F5A1824827E325C6008DFCD6 /* ColorSet.swift */,
			);
			path = Constants;
			sourceTree = "<group>";
		};
		F5D78DF827E2F06A008713C4 /* Extension */ = {
			isa = PBXGroup;
			children = (
				F5D78DF927E2F0CE008713C4 /* ImageView.swift */,
				F5A1824C27E35558008DFCD6 /* AddTapGestureRecognizer.swift */,
				F5A1825127E384E5008DFCD6 /* UIViewController.swift */,
			);
			path = Extension;
			sourceTree = "<group>";
		};
/* End PBXGroup section */

/* Begin PBXNativeTarget section */
		F5CFD74027E1CCE900363F5B /* ATDemo */ = {
			isa = PBXNativeTarget;
			buildConfigurationList = F5CFD75527E1CCEE00363F5B /* Build configuration list for PBXNativeTarget "ATDemo" */;
			buildPhases = (
				793656FB52CE4BD609F15801 /* [CP] Check Pods Manifest.lock */,
				F5CFD73D27E1CCE900363F5B /* Sources */,
				F5CFD73E27E1CCE900363F5B /* Frameworks */,
				F5CFD73F27E1CCE900363F5B /* Resources */,
				956C3650EB7DF2DD734F70F8 /* [CP] Embed Pods Frameworks */,
			);
			buildRules = (
			);
			dependencies = (
			);
			name = ATDemo;
			productName = ATDemo;
			productReference = F5CFD74127E1CCE900363F5B /* ATDemo.app */;
			productType = "com.apple.product-type.application";
		};
/* End PBXNativeTarget section */

/* Begin PBXProject section */
		F5CFD73927E1CCE900363F5B /* Project object */ = {
			isa = PBXProject;
			attributes = {
				BuildIndependentTargetsInParallel = 1;
				LastSwiftUpdateCheck = 1310;
				LastUpgradeCheck = 1310;
				TargetAttributes = {
					F5CFD74027E1CCE900363F5B = {
						CreatedOnToolsVersion = 13.1;
					};
				};
			};
			buildConfigurationList = F5CFD73C27E1CCE900363F5B /* Build configuration list for PBXProject "ATDemo" */;
			compatibilityVersion = "Xcode 13.0";
			developmentRegion = en;
			hasScannedForEncodings = 0;
			knownRegions = (
				en,
				Base,
			);
			mainGroup = F5CFD73827E1CCE900363F5B;
			productRefGroup = F5CFD74227E1CCE900363F5B /* Products */;
			projectDirPath = "";
			projectRoot = "";
			targets = (
				F5CFD74027E1CCE900363F5B /* ATDemo */,
			);
		};
/* End PBXProject section */

/* Begin PBXResourcesBuildPhase section */
		F5CFD73F27E1CCE900363F5B /* Resources */ = {
			isa = PBXResourcesBuildPhase;
			buildActionMask = 2147483647;
			files = (
				F5CFD75127E1CCEE00363F5B /* LaunchScreen.storyboard in Resources */,
				F5CFD74E27E1CCEE00363F5B /* Assets.xcassets in Resources */,
				F5CFD74C27E1CCE900363F5B /* Main.storyboard in Resources */,
			);
			runOnlyForDeploymentPostprocessing = 0;
		};
/* End PBXResourcesBuildPhase section */

/* Begin PBXShellScriptBuildPhase section */
		793656FB52CE4BD609F15801 /* [CP] Check Pods Manifest.lock */ = {
			isa = PBXShellScriptBuildPhase;
			buildActionMask = 2147483647;
			files = (
			);
			inputFileListPaths = (
			);
			inputPaths = (
				"${PODS_PODFILE_DIR_PATH}/Podfile.lock",
				"${PODS_ROOT}/Manifest.lock",
			);
			name = "[CP] Check Pods Manifest.lock";
			outputFileListPaths = (
			);
			outputPaths = (
				"$(DERIVED_FILE_DIR)/Pods-ATDemo-checkManifestLockResult.txt",
			);
			runOnlyForDeploymentPostprocessing = 0;
			shellPath = /bin/sh;
			shellScript = "diff \"${PODS_PODFILE_DIR_PATH}/Podfile.lock\" \"${PODS_ROOT}/Manifest.lock\" > /dev/null\nif [ $? != 0 ] ; then\n    # print error to STDERR\n    echo \"error: The sandbox is not in sync with the Podfile.lock. Run 'pod install' or update your CocoaPods installation.\" >&2\n    exit 1\nfi\n# This output is used by Xcode 'outputs' to avoid re-running this script phase.\necho \"SUCCESS\" > \"${SCRIPT_OUTPUT_FILE_0}\"\n";
			showEnvVarsInLog = 0;
		};
		956C3650EB7DF2DD734F70F8 /* [CP] Embed Pods Frameworks */ = {
			isa = PBXShellScriptBuildPhase;
			buildActionMask = 2147483647;
			files = (
			);
			inputFileListPaths = (
				"${PODS_ROOT}/Target Support Files/Pods-ATDemo/Pods-ATDemo-frameworks-${CONFIGURATION}-input-files.xcfilelist",
			);
			name = "[CP] Embed Pods Frameworks";
			outputFileListPaths = (
				"${PODS_ROOT}/Target Support Files/Pods-ATDemo/Pods-ATDemo-frameworks-${CONFIGURATION}-output-files.xcfilelist",
			);
			runOnlyForDeploymentPostprocessing = 0;
			shellPath = /bin/sh;
			shellScript = "\"${PODS_ROOT}/Target Support Files/Pods-ATDemo/Pods-ATDemo-frameworks.sh\"\n";
			showEnvVarsInLog = 0;
		};
/* End PBXShellScriptBuildPhase section */

/* Begin PBXSourcesBuildPhase section */
		F5CFD73D27E1CCE900363F5B /* Sources */ = {
			isa = PBXSourcesBuildPhase;
			buildActionMask = 2147483647;
			files = (
				F5D78DFA27E2F0CE008713C4 /* ImageView.swift in Sources */,
				F5CFD74927E1CCE900363F5B /* ViewController.swift in Sources */,
				F56DB03F27E2034C00BABCFF /* DateData.swift in Sources */,
				F5D78DF427E2DE1C008713C4 /* UserData.swift in Sources */,
				F5D78DF727E2F024008713C4 /* GlobalVariables.swift in Sources */,
				F5D78DF227E2DCBA008713C4 /* TestUserData.swift in Sources */,
				F5A1824927E325C6008DFCD6 /* ColorSet.swift in Sources */,
				F5A1825227E384E5008DFCD6 /* UIViewController.swift in Sources */,
				F5CFD74527E1CCE900363F5B /* AppDelegate.swift in Sources */,
				F56DB04427E2111300BABCFF /* DateUtil.swift in Sources */,
				F5A1824D27E35558008DFCD6 /* AddTapGestureRecognizer.swift in Sources */,
				F5CFD74727E1CCE900363F5B /* SceneDelegate.swift in Sources */,
				F5CFD75927E1DAC600363F5B /* TestData.swift in Sources */,
			);
			runOnlyForDeploymentPostprocessing = 0;
		};
/* End PBXSourcesBuildPhase section */

/* Begin PBXVariantGroup section */
		F5CFD74A27E1CCE900363F5B /* Main.storyboard */ = {
			isa = PBXVariantGroup;
			children = (
				F5CFD74B27E1CCE900363F5B /* Base */,
			);
			name = Main.storyboard;
			sourceTree = "<group>";
		};
		F5CFD74F27E1CCEE00363F5B /* LaunchScreen.storyboard */ = {
			isa = PBXVariantGroup;
			children = (
				F5CFD75027E1CCEE00363F5B /* Base */,
			);
			name = LaunchScreen.storyboard;
			sourceTree = "<group>";
		};
/* End PBXVariantGroup section */

/* Begin XCBuildConfiguration section */
		F5CFD75327E1CCEE00363F5B /* Debug */ = {
			isa = XCBuildConfiguration;
			buildSettings = {
				ALWAYS_SEARCH_USER_PATHS = NO;
				CLANG_ANALYZER_NONNULL = YES;
				CLANG_ANALYZER_NUMBER_OBJECT_CONVERSION = YES_AGGRESSIVE;
				CLANG_CXX_LANGUAGE_STANDARD = "gnu++17";
				CLANG_CXX_LIBRARY = "libc++";
				CLANG_ENABLE_MODULES = YES;
				CLANG_ENABLE_OBJC_ARC = YES;
				CLANG_ENABLE_OBJC_WEAK = YES;
				CLANG_WARN_BLOCK_CAPTURE_AUTORELEASING = YES;
				CLANG_WARN_BOOL_CONVERSION = YES;
				CLANG_WARN_COMMA = YES;
				CLANG_WARN_CONSTANT_CONVERSION = YES;
				CLANG_WARN_DEPRECATED_OBJC_IMPLEMENTATIONS = YES;
				CLANG_WARN_DIRECT_OBJC_ISA_USAGE = YES_ERROR;
				CLANG_WARN_DOCUMENTATION_COMMENTS = YES;
				CLANG_WARN_EMPTY_BODY = YES;
				CLANG_WARN_ENUM_CONVERSION = YES;
				CLANG_WARN_INFINITE_RECURSION = YES;
				CLANG_WARN_INT_CONVERSION = YES;
				CLANG_WARN_NON_LITERAL_NULL_CONVERSION = YES;
				CLANG_WARN_OBJC_IMPLICIT_RETAIN_SELF = YES;
				CLANG_WARN_OBJC_LITERAL_CONVERSION = YES;
				CLANG_WARN_OBJC_ROOT_CLASS = YES_ERROR;
				CLANG_WARN_QUOTED_INCLUDE_IN_FRAMEWORK_HEADER = YES;
				CLANG_WARN_RANGE_LOOP_ANALYSIS = YES;
				CLANG_WARN_STRICT_PROTOTYPES = YES;
				CLANG_WARN_SUSPICIOUS_MOVE = YES;
				CLANG_WARN_UNGUARDED_AVAILABILITY = YES_AGGRESSIVE;
				CLANG_WARN_UNREACHABLE_CODE = YES;
				CLANG_WARN__DUPLICATE_METHOD_MATCH = YES;
				COPY_PHASE_STRIP = NO;
				DEBUG_INFORMATION_FORMAT = dwarf;
				ENABLE_STRICT_OBJC_MSGSEND = YES;
				ENABLE_TESTABILITY = YES;
				GCC_C_LANGUAGE_STANDARD = gnu11;
				GCC_DYNAMIC_NO_PIC = NO;
				GCC_NO_COMMON_BLOCKS = YES;
				GCC_OPTIMIZATION_LEVEL = 0;
				GCC_PREPROCESSOR_DEFINITIONS = (
					"DEBUG=1",
					"$(inherited)",
				);
				GCC_WARN_64_TO_32_BIT_CONVERSION = YES;
				GCC_WARN_ABOUT_RETURN_TYPE = YES_ERROR;
				GCC_WARN_UNDECLARED_SELECTOR = YES;
				GCC_WARN_UNINITIALIZED_AUTOS = YES_AGGRESSIVE;
				GCC_WARN_UNUSED_FUNCTION = YES;
				GCC_WARN_UNUSED_VARIABLE = YES;
				IPHONEOS_DEPLOYMENT_TARGET = 15.0;
				MTL_ENABLE_DEBUG_INFO = INCLUDE_SOURCE;
				MTL_FAST_MATH = YES;
				ONLY_ACTIVE_ARCH = YES;
				SDKROOT = iphoneos;
				SWIFT_ACTIVE_COMPILATION_CONDITIONS = DEBUG;
				SWIFT_OPTIMIZATION_LEVEL = "-Onone";
			};
			name = Debug;
		};
		F5CFD75427E1CCEE00363F5B /* Release */ = {
			isa = XCBuildConfiguration;
			buildSettings = {
				ALWAYS_SEARCH_USER_PATHS = NO;
				CLANG_ANALYZER_NONNULL = YES;
				CLANG_ANALYZER_NUMBER_OBJECT_CONVERSION = YES_AGGRESSIVE;
				CLANG_CXX_LANGUAGE_STANDARD = "gnu++17";
				CLANG_CXX_LIBRARY = "libc++";
				CLANG_ENABLE_MODULES = YES;
				CLANG_ENABLE_OBJC_ARC = YES;
				CLANG_ENABLE_OBJC_WEAK = YES;
				CLANG_WARN_BLOCK_CAPTURE_AUTORELEASING = YES;
				CLANG_WARN_BOOL_CONVERSION = YES;
				CLANG_WARN_COMMA = YES;
				CLANG_WARN_CONSTANT_CONVERSION = YES;
				CLANG_WARN_DEPRECATED_OBJC_IMPLEMENTATIONS = YES;
				CLANG_WARN_DIRECT_OBJC_ISA_USAGE = YES_ERROR;
				CLANG_WARN_DOCUMENTATION_COMMENTS = YES;
				CLANG_WARN_EMPTY_BODY = YES;
				CLANG_WARN_ENUM_CONVERSION = YES;
				CLANG_WARN_INFINITE_RECURSION = YES;
				CLANG_WARN_INT_CONVERSION = YES;
				CLANG_WARN_NON_LITERAL_NULL_CONVERSION = YES;
				CLANG_WARN_OBJC_IMPLICIT_RETAIN_SELF = YES;
				CLANG_WARN_OBJC_LITERAL_CONVERSION = YES;
				CLANG_WARN_OBJC_ROOT_CLASS = YES_ERROR;
				CLANG_WARN_QUOTED_INCLUDE_IN_FRAMEWORK_HEADER = YES;
				CLANG_WARN_RANGE_LOOP_ANALYSIS = YES;
				CLANG_WARN_STRICT_PROTOTYPES = YES;
				CLANG_WARN_SUSPICIOUS_MOVE = YES;
				CLANG_WARN_UNGUARDED_AVAILABILITY = YES_AGGRESSIVE;
				CLANG_WARN_UNREACHABLE_CODE = YES;
				CLANG_WARN__DUPLICATE_METHOD_MATCH = YES;
				COPY_PHASE_STRIP = NO;
				DEBUG_INFORMATION_FORMAT = "dwarf-with-dsym";
				ENABLE_NS_ASSERTIONS = NO;
				ENABLE_STRICT_OBJC_MSGSEND = YES;
				GCC_C_LANGUAGE_STANDARD = gnu11;
				GCC_NO_COMMON_BLOCKS = YES;
				GCC_WARN_64_TO_32_BIT_CONVERSION = YES;
				GCC_WARN_ABOUT_RETURN_TYPE = YES_ERROR;
				GCC_WARN_UNDECLARED_SELECTOR = YES;
				GCC_WARN_UNINITIALIZED_AUTOS = YES_AGGRESSIVE;
				GCC_WARN_UNUSED_FUNCTION = YES;
				GCC_WARN_UNUSED_VARIABLE = YES;
				IPHONEOS_DEPLOYMENT_TARGET = 15.0;
				MTL_ENABLE_DEBUG_INFO = NO;
				MTL_FAST_MATH = YES;
				SDKROOT = iphoneos;
				SWIFT_COMPILATION_MODE = wholemodule;
				SWIFT_OPTIMIZATION_LEVEL = "-O";
				VALIDATE_PRODUCT = YES;
			};
			name = Release;
		};
		F5CFD75627E1CCEE00363F5B /* Debug */ = {
			isa = XCBuildConfiguration;
			baseConfigurationReference = 11CA1815FA1915201E8D91ED /* Pods-ATDemo.debug.xcconfig */;
			buildSettings = {
				ASSETCATALOG_COMPILER_APPICON_NAME = AppIcon;
				ASSETCATALOG_COMPILER_GLOBAL_ACCENT_COLOR_NAME = AccentColor;
				CODE_SIGN_STYLE = Automatic;
				CURRENT_PROJECT_VERSION = 1;
				DEVELOPMENT_TEAM = 9Y3CAM83Q6;
				GENERATE_INFOPLIST_FILE = YES;
				INFOPLIST_FILE = ATDemo/Info.plist;
				INFOPLIST_KEY_UIApplicationSupportsIndirectInputEvents = YES;
				INFOPLIST_KEY_UILaunchStoryboardName = LaunchScreen;
				INFOPLIST_KEY_UIMainStoryboardFile = Main;
				INFOPLIST_KEY_UISupportedInterfaceOrientations_iPad = "UIInterfaceOrientationPortrait UIInterfaceOrientationPortraitUpsideDown UIInterfaceOrientationLandscapeLeft UIInterfaceOrientationLandscapeRight";
				INFOPLIST_KEY_UISupportedInterfaceOrientations_iPhone = "UIInterfaceOrientationPortrait UIInterfaceOrientationLandscapeLeft UIInterfaceOrientationLandscapeRight";
				LD_RUNPATH_SEARCH_PATHS = (
					"$(inherited)",
					"@executable_path/Frameworks",
				);
				MARKETING_VERSION = 1.0;
				PRODUCT_BUNDLE_IDENTIFIER = com.mikelily.ATDemo;
				PRODUCT_NAME = "$(TARGET_NAME)";
				SWIFT_EMIT_LOC_STRINGS = YES;
				SWIFT_VERSION = 5.0;
				TARGETED_DEVICE_FAMILY = "1,2";
			};
			name = Debug;
		};
		F5CFD75727E1CCEE00363F5B /* Release */ = {
			isa = XCBuildConfiguration;
			baseConfigurationReference = 5B3BC1737F3D06049CFAEBBA /* Pods-ATDemo.release.xcconfig */;
			buildSettings = {
				ASSETCATALOG_COMPILER_APPICON_NAME = AppIcon;
				ASSETCATALOG_COMPILER_GLOBAL_ACCENT_COLOR_NAME = AccentColor;
				CODE_SIGN_STYLE = Automatic;
				CURRENT_PROJECT_VERSION = 1;
				DEVELOPMENT_TEAM = 9Y3CAM83Q6;
				GENERATE_INFOPLIST_FILE = YES;
				INFOPLIST_FILE = ATDemo/Info.plist;
				INFOPLIST_KEY_UIApplicationSupportsIndirectInputEvents = YES;
				INFOPLIST_KEY_UILaunchStoryboardName = LaunchScreen;
				INFOPLIST_KEY_UIMainStoryboardFile = Main;
				INFOPLIST_KEY_UISupportedInterfaceOrientations_iPad = "UIInterfaceOrientationPortrait UIInterfaceOrientationPortraitUpsideDown UIInterfaceOrientationLandscapeLeft UIInterfaceOrientationLandscapeRight";
				INFOPLIST_KEY_UISupportedInterfaceOrientations_iPhone = "UIInterfaceOrientationPortrait UIInterfaceOrientationLandscapeLeft UIInterfaceOrientationLandscapeRight";
				LD_RUNPATH_SEARCH_PATHS = (
					"$(inherited)",
					"@executable_path/Frameworks",
				);
				MARKETING_VERSION = 1.0;
				PRODUCT_BUNDLE_IDENTIFIER = com.mikelily.ATDemo;
				PRODUCT_NAME = "$(TARGET_NAME)";
				SWIFT_EMIT_LOC_STRINGS = YES;
				SWIFT_VERSION = 5.0;
				TARGETED_DEVICE_FAMILY = "1,2";
			};
			name = Release;
		};
/* End XCBuildConfiguration section */

/* Begin XCConfigurationList section */
		F5CFD73C27E1CCE900363F5B /* Build configuration list for PBXProject "ATDemo" */ = {
			isa = XCConfigurationList;
			buildConfigurations = (
				F5CFD75327E1CCEE00363F5B /* Debug */,
				F5CFD75427E1CCEE00363F5B /* Release */,
			);
			defaultConfigurationIsVisible = 0;
			defaultConfigurationName = Release;
		};
		F5CFD75527E1CCEE00363F5B /* Build configuration list for PBXNativeTarget "ATDemo" */ = {
			isa = XCConfigurationList;
			buildConfigurations = (
				F5CFD75627E1CCEE00363F5B /* Debug */,
				F5CFD75727E1CCEE00363F5B /* Release */,
			);
			defaultConfigurationIsVisible = 0;
			defaultConfigurationName = Release;
		};
/* End XCConfigurationList section */
	};
	rootObject = F5CFD73927E1CCE900363F5B /* Project object */;
}
